{
  "requires": true,
  "lockfileVersion": 1,
  "dependencies": {
    "styled-normalize": {
      "version": "8.0.7",
      "resolved": "https://registry.npmjs.org/styled-normalize/-/styled-normalize-8.0.7.tgz",
      "integrity": "sha512-qQV4O7B9g7ZUnStCwGde7Dc/mcFF/pz0Ha/LL7+j/r6uopf6kJCmmR7jCPQMCBrDkYiQ4xvw1hUoceVJkdaMuQ=="
    }
  }
}
