# THIS IS AN AUTOGENERATED FILE. DO NOT EDIT THIS FILE DIRECTLY.
# yarn lockfile v1


styled-normalize@^8.0.7:
  version "8.0.7"
  resolved "https://registry.yarnpkg.com/styled-normalize/-/styled-normalize-8.0.7.tgz#e883bff6a0c59a65a39365a4eb9c6cf48372c61f"
  integrity sha512-qQV4O7B9g7ZUnStCwGde7Dc/mcFF/pz0Ha/LL7+j/r6uopf6kJCmmR7jCPQMCBrDkYiQ4xvw1hUoceVJkdaMuQ==
